{
  "name": "sbom-non-empty-fixture",
  "version": "0.1.0",
  "lockfileVersion": 3,
  "requires": true,
  "fixture_context": {
    "fixture_kind": "sbom_non_empty_fixture",
    "expected_validator_result": "pass",
    "expected_minimum_components": 1,
    "expected_dependency_manifest": "package-lock.json",
    "purpose": "Provides a deterministic package-lock fixture with one dependency, licence metadata and enough package information for non-empty SBOM validation."
  },
  "packages": {
    "": {
      "name": "sbom-non-empty-fixture",
      "version": "0.1.0",
      "license": "MIT",
      "dependencies": {
        "left-pad": "1.3.0"
      }
    },
    "node_modules/left-pad": {
      "name": "left-pad",
      "version": "1.3.0",
      "resolved": "https://registry.npmjs.org/left-pad/-/left-pad-1.3.0.tgz",
      "integrity": "sha512-fixture",
      "license": "WTFPL"
    }
  },
  "dependencies": {
    "left-pad": {
      "version": "1.3.0",
      "resolved": "https://registry.npmjs.org/left-pad/-/left-pad-1.3.0.tgz",
      "integrity": "sha512-fixture"
    }
  }
}
